
Microsoft Visual Studio Solution File, Format Version 12.00
# Visual Studio Version 17
VisualStudioVersion = 17.14.36705.20 d17.14
MinimumVisualStudioVersion = 10.0.40219.1
Project("{8BC9CEB8-8B4A-11D0-8D11-00A0C91BC942}") = "DEMO26_27", "DEMO26_27\DEMO26_27.vcxproj", "{EEE985BA-D197-4F49-B6CF-F1BBFBED5396}"
EndProject
Global
	GlobalSection(SolutionConfigurationPlatforms) = preSolution
		Debug|x64 = Debug|x64
		Debug|x86 = Debug|x86
		Release|x64 = Release|x64
		Release|x86 = Release|x86
	EndGlobalSection
	GlobalSection(ProjectConfigurationPlatforms) = postSolution
		{EEE985BA-D197-4F49-B6CF-F1BBFBED5396}.Debug|x64.ActiveCfg = Debug|x64
		{EEE985BA-D197-4F49-B6CF-F1BBFBED5396}.Debug|x64.Build.0 = Debug|x64
		{EEE985BA-D197-4F49-B6CF-F1BBFBED5396}.Debug|x86.ActiveCfg = Debug|Win32
		{EEE985BA-D197-4F49-B6CF-F1BBFBED5396}.Debug|x86.Build.0 = Debug|Win32
		{EEE985BA-D197-4F49-B6CF-F1BBFBED5396}.Release|x64.ActiveCfg = Release|x64
		{EEE985BA-D197-4F49-B6CF-F1BBFBED5396}.Release|x64.Build.0 = Release|x64
		{EEE985BA-D197-4F49-B6CF-F1BBFBED5396}.Release|x86.ActiveCfg = Release|Win32
		{EEE985BA-D197-4F49-B6CF-F1BBFBED5396}.Release|x86.Build.0 = Release|Win32
	EndGlobalSection
	GlobalSection(SolutionProperties) = preSolution
		HideSolutionNode = FALSE
	EndGlobalSection
	GlobalSection(ExtensibilityGlobals) = postSolution
		SolutionGuid = {722B0E08-38D2-44BB-98FC-F52D3CE485C9}
	EndGlobalSection
EndGlobal
